
Microsoft Visual Studio Solution File, Format Version 12.00
# Visual Studio Version 17
VisualStudioVersion = 17.5.002.0
MinimumVisualStudioVersion = 10.0.40219.1
Project("{9A19103F-16F7-4668-BE54-9A1E7A4F7556}") = "AzureFuncInK8s", "HttpParentService\AzureFuncInK8s.csproj", "{014BB6E6-D48F-4165-94B5-86A3BFDBE397}"
EndProject
Project("{9A19103F-16F7-4668-BE54-9A1E7A4F7556}") = "AzureFuncInK8s (1)", "HttpChildService\AzureFuncInK8s.csproj", "{47D30D14-4900-4F1F-A51F-F05AA7CD3B40}"
EndProject
Project("{9A19103F-16F7-4668-BE54-9A1E7A4F7556}") = "AzureFuncInK8s (2)", "QueueService\AzureFuncInK8s.csproj", "{2AA9202E-E7C6-4B2A-94B7-7B6AA15EB3CB}"
EndProject
Project("{2150E333-8FDC-42A3-9474-1A3956D46DE8}") = "HttpParentService", "HttpParentService", "{9F7FA750-219B-439D-A999-5EB2FA44D19D}"
EndProject
Project("{2150E333-8FDC-42A3-9474-1A3956D46DE8}") = "obj", "obj", "{57441C6D-68F9-4252-BE8A-F827C141265D}"
EndProject
Project("{2150E333-8FDC-42A3-9474-1A3956D46DE8}") = "Debug", "Debug", "{5AC863EC-1EBA-4ABA-9C1A-50EA4DE22914}"
EndProject
Project("{2150E333-8FDC-42A3-9474-1A3956D46DE8}") = "net8.0", "net8.0", "{CF2F6B36-D370-4C69-AEA6-1F87F1457E21}"
EndProject
Project("{9A19103F-16F7-4668-BE54-9A1E7A4F7556}") = "WorkerExtensions", "HttpParentService\obj\Debug\net8.0\WorkerExtensions\WorkerExtensions.csproj", "{9F5AB5A8-0F0F-4092-8354-39D43C3729EC}"
EndProject
Project("{2150E333-8FDC-42A3-9474-1A3956D46DE8}") = "HttpChildService", "HttpChildService", "{2DB04749-931B-4135-ADF3-087BC153C113}"
EndProject
Project("{2150E333-8FDC-42A3-9474-1A3956D46DE8}") = "obj", "obj", "{73037733-0BBC-40CE-BE6E-F3027BE1C82B}"
EndProject
Project("{2150E333-8FDC-42A3-9474-1A3956D46DE8}") = "Debug", "Debug", "{2ED14F1A-89A8-495A-8E90-67BBF240E9E5}"
EndProject
Project("{2150E333-8FDC-42A3-9474-1A3956D46DE8}") = "net8.0", "net8.0", "{55CE9F86-FD65-4D31-8CC9-141C75053CCE}"
EndProject
Project("{9A19103F-16F7-4668-BE54-9A1E7A4F7556}") = "WorkerExtensions", "HttpChildService\obj\Debug\net8.0\WorkerExtensions\WorkerExtensions.csproj", "{51125989-1588-4529-A13D-94E8DA5A6E24}"
EndProject
Project("{2150E333-8FDC-42A3-9474-1A3956D46DE8}") = "QueueService", "QueueService", "{DA168B9D-8F39-4AA7-9065-ABDE6BD2D62C}"
EndProject
Project("{2150E333-8FDC-42A3-9474-1A3956D46DE8}") = "obj", "obj", "{C284ED87-542C-4FBB-965D-355A1B3300A2}"
EndProject
Project("{2150E333-8FDC-42A3-9474-1A3956D46DE8}") = "Debug", "Debug", "{E176A511-78F0-4A82-BDA5-4EBD74CF106E}"
EndProject
Project("{2150E333-8FDC-42A3-9474-1A3956D46DE8}") = "net8.0", "net8.0", "{67930964-EDA4-40FA-832C-72A4095796E0}"
EndProject
Project("{9A19103F-16F7-4668-BE54-9A1E7A4F7556}") = "WorkerExtensions", "QueueService\obj\Debug\net8.0\WorkerExtensions\WorkerExtensions.csproj", "{A9638210-4289-4D7C-92A6-57039D7BBC1E}"
EndProject
Global
	GlobalSection(SolutionConfigurationPlatforms) = preSolution
		Debug|Any CPU = Debug|Any CPU
		Release|Any CPU = Release|Any CPU
	EndGlobalSection
	GlobalSection(ProjectConfigurationPlatforms) = postSolution
		{014BB6E6-D48F-4165-94B5-86A3BFDBE397}.Debug|Any CPU.ActiveCfg = Debug|Any CPU
		{014BB6E6-D48F-4165-94B5-86A3BFDBE397}.Debug|Any CPU.Build.0 = Debug|Any CPU
		{014BB6E6-D48F-4165-94B5-86A3BFDBE397}.Release|Any CPU.ActiveCfg = Release|Any CPU
		{014BB6E6-D48F-4165-94B5-86A3BFDBE397}.Release|Any CPU.Build.0 = Release|Any CPU
		{47D30D14-4900-4F1F-A51F-F05AA7CD3B40}.Debug|Any CPU.ActiveCfg = Debug|Any CPU
		{47D30D14-4900-4F1F-A51F-F05AA7CD3B40}.Debug|Any CPU.Build.0 = Debug|Any CPU
		{47D30D14-4900-4F1F-A51F-F05AA7CD3B40}.Release|Any CPU.ActiveCfg = Release|Any CPU
		{47D30D14-4900-4F1F-A51F-F05AA7CD3B40}.Release|Any CPU.Build.0 = Release|Any CPU
		{2AA9202E-E7C6-4B2A-94B7-7B6AA15EB3CB}.Debug|Any CPU.ActiveCfg = Debug|Any CPU
		{2AA9202E-E7C6-4B2A-94B7-7B6AA15EB3CB}.Debug|Any CPU.Build.0 = Debug|Any CPU
		{2AA9202E-E7C6-4B2A-94B7-7B6AA15EB3CB}.Release|Any CPU.ActiveCfg = Release|Any CPU
		{2AA9202E-E7C6-4B2A-94B7-7B6AA15EB3CB}.Release|Any CPU.Build.0 = Release|Any CPU
		{9F5AB5A8-0F0F-4092-8354-39D43C3729EC}.Debug|Any CPU.ActiveCfg = Debug|Any CPU
		{9F5AB5A8-0F0F-4092-8354-39D43C3729EC}.Debug|Any CPU.Build.0 = Debug|Any CPU
		{9F5AB5A8-0F0F-4092-8354-39D43C3729EC}.Release|Any CPU.ActiveCfg = Release|Any CPU
		{9F5AB5A8-0F0F-4092-8354-39D43C3729EC}.Release|Any CPU.Build.0 = Release|Any CPU
		{51125989-1588-4529-A13D-94E8DA5A6E24}.Debug|Any CPU.ActiveCfg = Debug|Any CPU
		{51125989-1588-4529-A13D-94E8DA5A6E24}.Debug|Any CPU.Build.0 = Debug|Any CPU
		{51125989-1588-4529-A13D-94E8DA5A6E24}.Release|Any CPU.ActiveCfg = Release|Any CPU
		{51125989-1588-4529-A13D-94E8DA5A6E24}.Release|Any CPU.Build.0 = Release|Any CPU
		{A9638210-4289-4D7C-92A6-57039D7BBC1E}.Debug|Any CPU.ActiveCfg = Debug|Any CPU
		{A9638210-4289-4D7C-92A6-57039D7BBC1E}.Debug|Any CPU.Build.0 = Debug|Any CPU
		{A9638210-4289-4D7C-92A6-57039D7BBC1E}.Release|Any CPU.ActiveCfg = Release|Any CPU
		{A9638210-4289-4D7C-92A6-57039D7BBC1E}.Release|Any CPU.Build.0 = Release|Any CPU
	EndGlobalSection
	GlobalSection(SolutionProperties) = preSolution
		HideSolutionNode = FALSE
	EndGlobalSection
	GlobalSection(NestedProjects) = preSolution
		{57441C6D-68F9-4252-BE8A-F827C141265D} = {9F7FA750-219B-439D-A999-5EB2FA44D19D}
		{5AC863EC-1EBA-4ABA-9C1A-50EA4DE22914} = {57441C6D-68F9-4252-BE8A-F827C141265D}
		{CF2F6B36-D370-4C69-AEA6-1F87F1457E21} = {5AC863EC-1EBA-4ABA-9C1A-50EA4DE22914}
		{9F5AB5A8-0F0F-4092-8354-39D43C3729EC} = {CF2F6B36-D370-4C69-AEA6-1F87F1457E21}
		{73037733-0BBC-40CE-BE6E-F3027BE1C82B} = {2DB04749-931B-4135-ADF3-087BC153C113}
		{2ED14F1A-89A8-495A-8E90-67BBF240E9E5} = {73037733-0BBC-40CE-BE6E-F3027BE1C82B}
		{55CE9F86-FD65-4D31-8CC9-141C75053CCE} = {2ED14F1A-89A8-495A-8E90-67BBF240E9E5}
		{51125989-1588-4529-A13D-94E8DA5A6E24} = {55CE9F86-FD65-4D31-8CC9-141C75053CCE}
		{C284ED87-542C-4FBB-965D-355A1B3300A2} = {DA168B9D-8F39-4AA7-9065-ABDE6BD2D62C}
		{E176A511-78F0-4A82-BDA5-4EBD74CF106E} = {C284ED87-542C-4FBB-965D-355A1B3300A2}
		{67930964-EDA4-40FA-832C-72A4095796E0} = {E176A511-78F0-4A82-BDA5-4EBD74CF106E}
		{A9638210-4289-4D7C-92A6-57039D7BBC1E} = {67930964-EDA4-40FA-832C-72A4095796E0}
	EndGlobalSection
	GlobalSection(ExtensibilityGlobals) = postSolution
		SolutionGuid = {642C7DCA-3DE0-46E5-A0FB-B00610A09168}
	EndGlobalSection
EndGlobal
